// !$*UTF8*$!
{
	archiveVersion = 1;
	classes = {
	};
	objectVersion = 46;
	objects = {

/* Begin PBXBuildFile section */
		C455A0721B5CC57100F87B1C /* main.cpp in Sources */ = {isa = PBXBuildFile; fileRef = C455A0711B5CC57100F87B1C /* main.cpp */; };
/* End PBXBuildFile section */

/* Begin PBXCopyFilesBuildPhase section */
		C455A06C1B5CC57100F87B1C /* CopyFiles */ = {
			isa = PBXCopyFilesBuildPhase;
			buildActionMask = 2147483647;
			dstPath = /usr/share/man/man1/;
			dstSubfolderSpec = 0;
			files = (
			);
			runOnlyForDeploymentPostprocessing = 1;
		};
/* End PBXCopyFilesBuildPhase section */

/* Begin PBXFileReference section */
		C455A06E1B5CC57100F87B1C /* OpenCLImageConvertor */ = {isa = PBXFileReference; explicitFileType = "compiled.mach-o.executable"; includeInIndex = 0; path = OpenCLImageConvertor; sourceTree = BUILT_PRODUCTS_DIR; };
		C455A0711B5CC57100F87B1C /* main.cpp */ = {isa = PBXFileReference; lastKnownFileType = sourcecode.cpp.cpp; path = main.cpp; sourceTree = "<group>"; };
/* End PBXFileReference section */

/* Begin PBXFrameworksBuildPhase section */
		C455A06B1B5CC57100F87B1C /* Frameworks */ = {
			isa = PBXFrameworksBuildPhase;
			buildActionMask = 2147483647;
			files = (
			);
			runOnlyForDeploymentPostprocessing = 0;
		};
/* End PBXFrameworksBuildPhase section */

/* Begin PBXGroup section */
		C455A0651B5CC57100F87B1C = {
			isa = PBXGroup;
			children = (
				C455A0701B5CC57100F87B1C /* OpenCLImageConvertor */,
				C455A06F1B5CC57100F87B1C /* Products */,
			);
			sourceTree = "<group>";
		};
		C455A06F1B5CC57100F87B1C /* Products */ = {
			isa = PBXGroup;
			children = (
				C455A06E1B5CC57100F87B1C /* OpenCLImageConvertor */,
			);
			name = Products;
			sourceTree = "<group>";
		};
		C455A0701B5CC57100F87B1C /* OpenCLImageConvertor */ = {
			isa = PBXGroup;
			children = (
				C455A0711B5CC57100F87B1C /* main.cpp */,
			);
			path = OpenCLImageConvertor;
			sourceTree = "<group>";
		};
/* End PBXGroup section */

/* Begin PBXNativeTarget section */
		C455A06D1B5CC57100F87B1C /* OpenCLImageConvertor */ = {
			isa = PBXNativeTarget;
			buildConfigurationList = C455A0751B5CC57100F87B1C /* Build configuration list for PBXNativeTarget "OpenCLImageConvertor" */;
			buildPhases = (
				C455A06A1B5CC57100F87B1C /* Sources */,
				C455A06B1B5CC57100F87B1C /* Frameworks */,
				C455A06C1B5CC57100F87B1C /* CopyFiles */,
			);
			buildRules = (
			);
			dependencies = (
			);
			name = OpenCLImageConvertor;
			productName = OpenCLImageConvertor;
			productReference = C455A06E1B5CC57100F87B1C /* OpenCLImageConvertor */;
			productType = "com.apple.product-type.tool";
		};
/* End PBXNativeTarget section */

/* Begin PBXProject section */
		C455A0661B5CC57100F87B1C /* Project object */ = {
			isa = PBXProject;
			attributes = {
				LastUpgradeCheck = 0640;
				ORGANIZATIONNAME = Peter.Li;
				TargetAttributes = {
					C455A06D1B5CC57100F87B1C = {
						CreatedOnToolsVersion = 6.4;
					};
				};
			};
			buildConfigurationList = C455A0691B5CC57100F87B1C /* Build configuration list for PBXProject "OpenCLImageConvertor" */;
			compatibilityVersion = "Xcode 3.2";
			developmentRegion = English;
			hasScannedForEncodings = 0;
			knownRegions = (
				en,
			);
			mainGroup = C455A0651B5CC57100F87B1C;
			productRefGroup = C455A06F1B5CC57100F87B1C /* Products */;
			projectDirPath = "";
			projectRoot = "";
			targets = (
				C455A06D1B5CC57100F87B1C /* OpenCLImageConvertor */,
			);
		};
/* End PBXProject section */

/* Begin PBXSourcesBuildPhase section */
		C455A06A1B5CC57100F87B1C /* Sources */ = {
			isa = PBXSourcesBuildPhase;
			buildActionMask = 2147483647;
			files = (
				C455A0721B5CC57100F87B1C /* main.cpp in Sources */,
			);
			runOnlyForDeploymentPostprocessing = 0;
		};
/* End PBXSourcesBuildPhase section */

/* Begin XCBuildConfiguration section */
		C455A0731B5CC57100F87B1C /* Debug */ = {
			isa = XCBuildConfiguration;
			buildSettings = {
				ALWAYS_SEARCH_USER_PATHS = NO;
				CLANG_CXX_LANGUAGE_STANDARD = "gnu++0x";
				CLANG_CXX_LIBRARY = "libc++";
				CLANG_ENABLE_MODULES = YES;
				CLANG_ENABLE_OBJC_ARC = YES;
				CLANG_WARN_BOOL_CONVERSION = YES;
				CLANG_WARN_CONSTANT_CONVERSION = YES;
				CLANG_WARN_DIRECT_OBJC_ISA_USAGE = YES_ERROR;
				CLANG_WARN_EMPTY_BODY = YES;
				CLANG_WARN_ENUM_CONVERSION = YES;
				CLANG_WARN_INT_CONVERSION = YES;
				CLANG_WARN_OBJC_ROOT_CLASS = YES_ERROR;
				CLANG_WARN_UNREACHABLE_CODE = YES;
				CLANG_WARN__DUPLICATE_METHOD_MATCH = YES;
				COPY_PHASE_STRIP = NO;
				DEBUG_INFORMATION_FORMAT = dwarf;
				ENABLE_STRICT_OBJC_MSGSEND = YES;
				GCC_C_LANGUAGE_STANDARD = gnu99;
				GCC_DYNAMIC_NO_PIC = NO;
				GCC_NO_COMMON_BLOCKS = YES;
				GCC_OPTIMIZATION_LEVEL = 0;
				GCC_PREPROCESSOR_DEFINITIONS = (
					"DEBUG=1",
					"$(inherited)",
				);
				GCC_SYMBOLS_PRIVATE_EXTERN = NO;
				GCC_WARN_64_TO_32_BIT_CONVERSION = YES;
				GCC_WARN_ABOUT_RETURN_TYPE = YES_ERROR;
				GCC_WARN_UNDECLARED_SELECTOR = YES;
				GCC_WARN_UNINITIALIZED_AUTOS = YES_AGGRESSIVE;
				GCC_WARN_UNUSED_FUNCTION = YES;
				GCC_WARN_UNUSED_VARIABLE = YES;
				MACOSX_DEPLOYMENT_TARGET = 10.10;
				MTL_ENABLE_DEBUG_INFO = YES;
				ONLY_ACTIVE_ARCH = YES;
				SDKROOT = macosx;
			};
			name = Debug;
		};
		C455A0741B5CC57100F87B1C /* Release */ = {
			isa = XCBuildConfiguration;
			buildSettings = {
				ALWAYS_SEARCH_USER_PATHS = NO;
				CLANG_CXX_LANGUAGE_STANDARD = "gnu++0x";
				CLANG_CXX_LIBRARY = "libc++";
				CLANG_ENABLE_MODULES = YES;
				CLANG_ENABLE_OBJC_ARC = YES;
				CLANG_WARN_BOOL_CONVERSION = YES;
				CLANG_WARN_CONSTANT_CONVERSION = YES;
				CLANG_WARN_DIRECT_OBJC_ISA_USAGE = YES_ERROR;
				CLANG_WARN_EMPTY_BODY = YES;
				CLANG_WARN_ENUM_CONVERSION = YES;
				CLANG_WARN_INT_CONVERSION = YES;
				CLANG_WARN_OBJC_ROOT_CLASS = YES_ERROR;
				CLANG_WARN_UNREACHABLE_CODE = YES;
				CLANG_WARN__DUPLICATE_METHOD_MATCH = YES;
				COPY_PHASE_STRIP = NO;
				DEBUG_INFORMATION_FORMAT = "dwarf-with-dsym";
				ENABLE_NS_ASSERTIONS = NO;
				ENABLE_STRICT_OBJC_MSGSEND = YES;
				GCC_C_LANGUAGE_STANDARD = gnu99;
				GCC_NO_COMMON_BLOCKS = YES;
				GCC_WARN_64_TO_32_BIT_CONVERSION = YES;
				GCC_WARN_ABOUT_RETURN_TYPE = YES_ERROR;
				GCC_WARN_UNDECLARED_SELECTOR = YES;
				GCC_WARN_UNINITIALIZED_AUTOS = YES_AGGRESSIVE;
				GCC_WARN_UNUSED_FUNCTION = YES;
				GCC_WARN_UNUSED_VARIABLE = YES;
				MACOSX_DEPLOYMENT_TARGET = 10.10;
				MTL_ENABLE_DEBUG_INFO = NO;
				SDKROOT = macosx;
			};
			name = Release;
		};
		C455A0761B5CC57100F87B1C /* Debug */ = {
			isa = XCBuildConfiguration;
			buildSettings = {
				PRODUCT_NAME = "$(TARGET_NAME)";
			};
			name = Debug;
		};
		C455A0771B5CC57100F87B1C /* Release */ = {
			isa = XCBuildConfiguration;
			buildSettings = {
				PRODUCT_NAME = "$(TARGET_NAME)";
			};
			name = Release;
		};
/* End XCBuildConfiguration section */

/* Begin XCConfigurationList section */
		C455A0691B5CC57100F87B1C /* Build configuration list for PBXProject "OpenCLImageConvertor" */ = {
			isa = XCConfigurationList;
			buildConfigurations = (
				C455A0731B5CC57100F87B1C /* Debug */,
				C455A0741B5CC57100F87B1C /* Release */,
			);
			defaultConfigurationIsVisible = 0;
			defaultConfigurationName = Release;
		};
		C455A0751B5CC57100F87B1C /* Build configuration list for PBXNativeTarget "OpenCLImageConvertor" */ = {
			isa = XCConfigurationList;
			buildConfigurations = (
				C455A0761B5CC57100F87B1C /* Debug */,
				C455A0771B5CC57100F87B1C /* Release */,
			);
			defaultConfigurationIsVisible = 0;
		};
/* End XCConfigurationList section */
	};
	rootObject = C455A0661B5CC57100F87B1C /* Project object */;
}
